
Microsoft Visual Studio Solution File, Format Version 12.00
# Visual Studio 2013
VisualStudioVersion = 12.0.31101.0
MinimumVisualStudioVersion = 10.0.40219.1
Project("{FAE04EC0-301F-11D3-BF4B-00C04F79EFBC}") = "RadioTimePlugin", "RadioTimePlugin\RadioTimePlugin.csproj", "{45A603C0-BDA2-4FF0-B5B6-D066F0864A34}"
EndProject
Project("{FAE04EC0-301F-11D3-BF4B-00C04F79EFBC}") = "RadioTimeOpmlApi", "RadioTimeOpmlApi\RadioTimeOpmlApi.csproj", "{82B4EC67-0245-4FA9-9B30-F740BF78D0C8}"
EndProject
Global
	GlobalSection(SolutionConfigurationPlatforms) = preSolution
		Debug|AnyCPU = Debug|AnyCPU
		Release|AnyCPU = Release|AnyCPU
	EndGlobalSection
	GlobalSection(ProjectConfigurationPlatforms) = postSolution
		{45A603C0-BDA2-4FF0-B5B6-D066F0864A34}.Debug|AnyCPU.ActiveCfg = Debug|AnyCPU
		{45A603C0-BDA2-4FF0-B5B6-D066F0864A34}.Debug|AnyCPU.Build.0 = Debug|AnyCPU
		{45A603C0-BDA2-4FF0-B5B6-D066F0864A34}.Release|AnyCPU.ActiveCfg = Release|AnyCPU
		{45A603C0-BDA2-4FF0-B5B6-D066F0864A34}.Release|AnyCPU.Build.0 = Release|AnyCPU
		{82B4EC67-0245-4FA9-9B30-F740BF78D0C8}.Debug|AnyCPU.ActiveCfg = Debug|AnyCPU
		{82B4EC67-0245-4FA9-9B30-F740BF78D0C8}.Debug|AnyCPU.Build.0 = Debug|AnyCPU
		{82B4EC67-0245-4FA9-9B30-F740BF78D0C8}.Release|AnyCPU.ActiveCfg = Release|AnyCPU
		{82B4EC67-0245-4FA9-9B30-F740BF78D0C8}.Release|AnyCPU.Build.0 = Release|AnyCPU
	EndGlobalSection
	GlobalSection(SolutionProperties) = preSolution
		HideSolutionNode = FALSE
	EndGlobalSection
EndGlobal
